
Microsoft Visual Studio Solution File, Format Version 12.00
# Visual Studio Version 16
VisualStudioVersion = 16.0.31019.35
MinimumVisualStudioVersion = 10.0.40219.1
Project("{8BC9CEB8-8B4A-11D0-8D11-00A0C91BC942}") = "Lab3.1", "Lab3.1\Lab3.1.vcxproj", "{C8AB0633-F6E6-44D4-A210-43456F59C6C6}"
EndProject
Project("{8BC9CEB8-8B4A-11D0-8D11-00A0C91BC942}") = "UnitTest1", "UnitTest1\UnitTest1.vcxproj", "{117F093F-2624-4A74-B976-8A12C529F9BD}"
EndProject
Global
	GlobalSection(SolutionConfigurationPlatforms) = preSolution
		Debug|x64 = Debug|x64
		Debug|x86 = Debug|x86
		Release|x64 = Release|x64
		Release|x86 = Release|x86
	EndGlobalSection
	GlobalSection(ProjectConfigurationPlatforms) = postSolution
		{C8AB0633-F6E6-44D4-A210-43456F59C6C6}.Debug|x64.ActiveCfg = Debug|x64
		{C8AB0633-F6E6-44D4-A210-43456F59C6C6}.Debug|x64.Build.0 = Debug|x64
		{C8AB0633-F6E6-44D4-A210-43456F59C6C6}.Debug|x86.ActiveCfg = Debug|Win32
		{C8AB0633-F6E6-44D4-A210-43456F59C6C6}.Debug|x86.Build.0 = Debug|Win32
		{C8AB0633-F6E6-44D4-A210-43456F59C6C6}.Release|x64.ActiveCfg = Release|x64
		{C8AB0633-F6E6-44D4-A210-43456F59C6C6}.Release|x64.Build.0 = Release|x64
		{C8AB0633-F6E6-44D4-A210-43456F59C6C6}.Release|x86.ActiveCfg = Release|Win32
		{C8AB0633-F6E6-44D4-A210-43456F59C6C6}.Release|x86.Build.0 = Release|Win32
		{117F093F-2624-4A74-B976-8A12C529F9BD}.Debug|x64.ActiveCfg = Debug|x64
		{117F093F-2624-4A74-B976-8A12C529F9BD}.Debug|x64.Build.0 = Debug|x64
		{117F093F-2624-4A74-B976-8A12C529F9BD}.Debug|x86.ActiveCfg = Debug|Win32
		{117F093F-2624-4A74-B976-8A12C529F9BD}.Debug|x86.Build.0 = Debug|Win32
		{117F093F-2624-4A74-B976-8A12C529F9BD}.Release|x64.ActiveCfg = Release|x64
		{117F093F-2624-4A74-B976-8A12C529F9BD}.Release|x64.Build.0 = Release|x64
		{117F093F-2624-4A74-B976-8A12C529F9BD}.Release|x86.ActiveCfg = Release|Win32
		{117F093F-2624-4A74-B976-8A12C529F9BD}.Release|x86.Build.0 = Release|Win32
	EndGlobalSection
	GlobalSection(SolutionProperties) = preSolution
		HideSolutionNode = FALSE
	EndGlobalSection
	GlobalSection(ExtensibilityGlobals) = postSolution
		SolutionGuid = {AA677795-1A03-409E-AED8-144D93DF2CF0}
	EndGlobalSection
EndGlobal
